github.com/keyhorn/assert v0.1.0 h1:0Uu2LaYUtav6nMvUutvRzgBruX5KKY4ssGxNqyBEakU=
github.com/keyhorn/assert v0.1.0/go.mod h1:Y5qqcx839p3+iV08jJ9TmZxLuc0br2mE8bIuyFkQBHw=
github.com/keyhorn/assert v0.2.0 h1:S6VVf7yog3yrWMxiLa4j758SnHvyRiAWa8mM+1YeCn8=
github.com/keyhorn/assert v0.2.0/go.mod h1:Y5qqcx839p3+iV08jJ9TmZxLuc0br2mE8bIuyFkQBHw=
